
Microsoft Visual Studio Solution File, Format Version 12.00
# Visual Studio Version 17
VisualStudioVersion = 17.8.34330.188
MinimumVisualStudioVersion = 10.0.40219.1
Project("{FAE04EC0-301F-11D3-BF4B-00C04F79EFBC}") = "WorkerExercise", "WorkerExercise\WorkerExercise.csproj", "{3A17AF78-F02B-4B20-A698-2B98DBBD4819}"
EndProject
Global
	GlobalSection(SolutionConfigurationPlatforms) = preSolution
		Debug|Any CPU = Debug|Any CPU
		Release|Any CPU = Release|Any CPU
	EndGlobalSection
	GlobalSection(ProjectConfigurationPlatforms) = postSolution
		{3A17AF78-F02B-4B20-A698-2B98DBBD4819}.Debug|Any CPU.ActiveCfg = Debug|Any CPU
		{3A17AF78-F02B-4B20-A698-2B98DBBD4819}.Debug|Any CPU.Build.0 = Debug|Any CPU
		{3A17AF78-F02B-4B20-A698-2B98DBBD4819}.Release|Any CPU.ActiveCfg = Release|Any CPU
		{3A17AF78-F02B-4B20-A698-2B98DBBD4819}.Release|Any CPU.Build.0 = Release|Any CPU
	EndGlobalSection
	GlobalSection(SolutionProperties) = preSolution
		HideSolutionNode = FALSE
	EndGlobalSection
	GlobalSection(ExtensibilityGlobals) = postSolution
		SolutionGuid = {ACF2F9E8-BE58-4157-825D-D5082B4A0DBF}
	EndGlobalSection
EndGlobal
