
Microsoft Visual Studio Solution File, Format Version 12.00
# Visual Studio Version 17
VisualStudioVersion = 17.8.34330.188
MinimumVisualStudioVersion = 10.0.40219.1
Project("{FAE04EC0-301F-11D3-BF4B-00C04F79EFBC}") = "TimeSpan", "TimeSpan\TimeSpan.csproj", "{11BFE196-303E-463E-BDAC-BA46332948AD}"
EndProject
Global
	GlobalSection(SolutionConfigurationPlatforms) = preSolution
		Debug|Any CPU = Debug|Any CPU
		Release|Any CPU = Release|Any CPU
	EndGlobalSection
	GlobalSection(ProjectConfigurationPlatforms) = postSolution
		{11BFE196-303E-463E-BDAC-BA46332948AD}.Debug|Any CPU.ActiveCfg = Debug|Any CPU
		{11BFE196-303E-463E-BDAC-BA46332948AD}.Debug|Any CPU.Build.0 = Debug|Any CPU
		{11BFE196-303E-463E-BDAC-BA46332948AD}.Release|Any CPU.ActiveCfg = Release|Any CPU
		{11BFE196-303E-463E-BDAC-BA46332948AD}.Release|Any CPU.Build.0 = Release|Any CPU
	EndGlobalSection
	GlobalSection(SolutionProperties) = preSolution
		HideSolutionNode = FALSE
	EndGlobalSection
	GlobalSection(ExtensibilityGlobals) = postSolution
		SolutionGuid = {8D7C7848-BF58-4DCD-AC44-8461BD167661}
	EndGlobalSection
EndGlobal
