
Microsoft Visual Studio Solution File, Format Version 12.00
# Visual Studio Version 17
VisualStudioVersion = 17.8.34330.188
MinimumVisualStudioVersion = 10.0.40219.1
Project("{FAE04EC0-301F-11D3-BF4B-00C04F79EFBC}") = "Params", "Params\Params.csproj", "{766CE3B1-1C44-428D-B18B-28F3A8CAD9B9}"
EndProject
Global
	GlobalSection(SolutionConfigurationPlatforms) = preSolution
		Debug|Any CPU = Debug|Any CPU
		Release|Any CPU = Release|Any CPU
	EndGlobalSection
	GlobalSection(ProjectConfigurationPlatforms) = postSolution
		{766CE3B1-1C44-428D-B18B-28F3A8CAD9B9}.Debug|Any CPU.ActiveCfg = Debug|Any CPU
		{766CE3B1-1C44-428D-B18B-28F3A8CAD9B9}.Debug|Any CPU.Build.0 = Debug|Any CPU
		{766CE3B1-1C44-428D-B18B-28F3A8CAD9B9}.Release|Any CPU.ActiveCfg = Release|Any CPU
		{766CE3B1-1C44-428D-B18B-28F3A8CAD9B9}.Release|Any CPU.Build.0 = Release|Any CPU
	EndGlobalSection
	GlobalSection(SolutionProperties) = preSolution
		HideSolutionNode = FALSE
	EndGlobalSection
	GlobalSection(ExtensibilityGlobals) = postSolution
		SolutionGuid = {B17D0C18-59B9-4E3C-B027-3330F46C7236}
	EndGlobalSection
EndGlobal
