
Microsoft Visual Studio Solution File, Format Version 12.00
# Visual Studio Version 17
VisualStudioVersion = 17.8.34330.188
MinimumVisualStudioVersion = 10.0.40219.1
Project("{FAE04EC0-301F-11D3-BF4B-00C04F79EFBC}") = "Action", "Action\Action.csproj", "{C1DC058D-50C1-48E2-B904-CFC214EA1E7F}"
EndProject
Global
	GlobalSection(SolutionConfigurationPlatforms) = preSolution
		Debug|Any CPU = Debug|Any CPU
		Release|Any CPU = Release|Any CPU
	EndGlobalSection
	GlobalSection(ProjectConfigurationPlatforms) = postSolution
		{C1DC058D-50C1-48E2-B904-CFC214EA1E7F}.Debug|Any CPU.ActiveCfg = Debug|Any CPU
		{C1DC058D-50C1-48E2-B904-CFC214EA1E7F}.Debug|Any CPU.Build.0 = Debug|Any CPU
		{C1DC058D-50C1-48E2-B904-CFC214EA1E7F}.Release|Any CPU.ActiveCfg = Release|Any CPU
		{C1DC058D-50C1-48E2-B904-CFC214EA1E7F}.Release|Any CPU.Build.0 = Release|Any CPU
	EndGlobalSection
	GlobalSection(SolutionProperties) = preSolution
		HideSolutionNode = FALSE
	EndGlobalSection
	GlobalSection(ExtensibilityGlobals) = postSolution
		SolutionGuid = {16B2195C-CE7C-487A-A230-9B75AC8DE540}
	EndGlobalSection
EndGlobal
