
Microsoft Visual Studio Solution File, Format Version 12.00
# Visual Studio Version 17
VisualStudioVersion = 17.8.34330.188
MinimumVisualStudioVersion = 10.0.40219.1
Project("{FAE04EC0-301F-11D3-BF4B-00C04F79EFBC}") = "ConversionAndCastingVariables", "ConversionAndCastingVariables\ConversionAndCastingVariables.csproj", "{96DB8BE8-3583-46EC-BBFE-6831F6FCC8BF}"
EndProject
Global
	GlobalSection(SolutionConfigurationPlatforms) = preSolution
		Debug|Any CPU = Debug|Any CPU
		Release|Any CPU = Release|Any CPU
	EndGlobalSection
	GlobalSection(ProjectConfigurationPlatforms) = postSolution
		{96DB8BE8-3583-46EC-BBFE-6831F6FCC8BF}.Debug|Any CPU.ActiveCfg = Debug|Any CPU
		{96DB8BE8-3583-46EC-BBFE-6831F6FCC8BF}.Debug|Any CPU.Build.0 = Debug|Any CPU
		{96DB8BE8-3583-46EC-BBFE-6831F6FCC8BF}.Release|Any CPU.ActiveCfg = Release|Any CPU
		{96DB8BE8-3583-46EC-BBFE-6831F6FCC8BF}.Release|Any CPU.Build.0 = Release|Any CPU
	EndGlobalSection
	GlobalSection(SolutionProperties) = preSolution
		HideSolutionNode = FALSE
	EndGlobalSection
	GlobalSection(ExtensibilityGlobals) = postSolution
		SolutionGuid = {4F34FB34-8C63-4D7F-8400-034A59B1A3C6}
	EndGlobalSection
EndGlobal
