
Microsoft Visual Studio Solution File, Format Version 12.00
# Visual Studio Version 17
VisualStudioVersion = 17.8.34330.188
MinimumVisualStudioVersion = 10.0.40219.1
Project("{FAE04EC0-301F-11D3-BF4B-00C04F79EFBC}") = "DateTimeKindISO8601", "DateTimeKindISO8601\DateTimeKindISO8601.csproj", "{92004B5F-DDFB-4A58-A5CD-668DA495E02A}"
EndProject
Global
	GlobalSection(SolutionConfigurationPlatforms) = preSolution
		Debug|Any CPU = Debug|Any CPU
		Release|Any CPU = Release|Any CPU
	EndGlobalSection
	GlobalSection(ProjectConfigurationPlatforms) = postSolution
		{92004B5F-DDFB-4A58-A5CD-668DA495E02A}.Debug|Any CPU.ActiveCfg = Debug|Any CPU
		{92004B5F-DDFB-4A58-A5CD-668DA495E02A}.Debug|Any CPU.Build.0 = Debug|Any CPU
		{92004B5F-DDFB-4A58-A5CD-668DA495E02A}.Release|Any CPU.ActiveCfg = Release|Any CPU
		{92004B5F-DDFB-4A58-A5CD-668DA495E02A}.Release|Any CPU.Build.0 = Release|Any CPU
	EndGlobalSection
	GlobalSection(SolutionProperties) = preSolution
		HideSolutionNode = FALSE
	EndGlobalSection
	GlobalSection(ExtensibilityGlobals) = postSolution
		SolutionGuid = {90B3ED4F-BB06-4065-A6D1-6922E9295961}
	EndGlobalSection
EndGlobal
