
Microsoft Visual Studio Solution File, Format Version 12.00
# Visual Studio Version 17
VisualStudioVersion = 17.8.34330.188
MinimumVisualStudioVersion = 10.0.40219.1
Project("{FAE04EC0-301F-11D3-BF4B-00C04F79EFBC}") = "Inheritance", "Inheritance\Inheritance.csproj", "{0CEDA9AB-3927-4644-8E80-38ACDB9B4455}"
EndProject
Global
	GlobalSection(SolutionConfigurationPlatforms) = preSolution
		Debug|Any CPU = Debug|Any CPU
		Release|Any CPU = Release|Any CPU
	EndGlobalSection
	GlobalSection(ProjectConfigurationPlatforms) = postSolution
		{0CEDA9AB-3927-4644-8E80-38ACDB9B4455}.Debug|Any CPU.ActiveCfg = Debug|Any CPU
		{0CEDA9AB-3927-4644-8E80-38ACDB9B4455}.Debug|Any CPU.Build.0 = Debug|Any CPU
		{0CEDA9AB-3927-4644-8E80-38ACDB9B4455}.Release|Any CPU.ActiveCfg = Release|Any CPU
		{0CEDA9AB-3927-4644-8E80-38ACDB9B4455}.Release|Any CPU.Build.0 = Release|Any CPU
	EndGlobalSection
	GlobalSection(SolutionProperties) = preSolution
		HideSolutionNode = FALSE
	EndGlobalSection
	GlobalSection(ExtensibilityGlobals) = postSolution
		SolutionGuid = {DE0DBFF5-33F4-49B0-82CB-4F54458CB3C4}
	EndGlobalSection
EndGlobal
