
Microsoft Visual Studio Solution File, Format Version 12.00
# Visual Studio Version 17
VisualStudioVersion = 17.8.34330.188
MinimumVisualStudioVersion = 10.0.40219.1
Project("{FAE04EC0-301F-11D3-BF4B-00C04F79EFBC}") = "BancaryAccountExercise", "BancaryAccountExercise\BancaryAccountExercise.csproj", "{4B13438E-0DD7-46D9-B98F-F8DDB854D115}"
EndProject
Global
	GlobalSection(SolutionConfigurationPlatforms) = preSolution
		Debug|Any CPU = Debug|Any CPU
		Release|Any CPU = Release|Any CPU
	EndGlobalSection
	GlobalSection(ProjectConfigurationPlatforms) = postSolution
		{4B13438E-0DD7-46D9-B98F-F8DDB854D115}.Debug|Any CPU.ActiveCfg = Debug|Any CPU
		{4B13438E-0DD7-46D9-B98F-F8DDB854D115}.Debug|Any CPU.Build.0 = Debug|Any CPU
		{4B13438E-0DD7-46D9-B98F-F8DDB854D115}.Release|Any CPU.ActiveCfg = Release|Any CPU
		{4B13438E-0DD7-46D9-B98F-F8DDB854D115}.Release|Any CPU.Build.0 = Release|Any CPU
	EndGlobalSection
	GlobalSection(SolutionProperties) = preSolution
		HideSolutionNode = FALSE
	EndGlobalSection
	GlobalSection(ExtensibilityGlobals) = postSolution
		SolutionGuid = {2A5C6892-9860-46C5-AAC3-277B526332BA}
	EndGlobalSection
EndGlobal
