
Microsoft Visual Studio Solution File, Format Version 12.00
# Visual Studio Version 17
VisualStudioVersion = 17.8.34330.188
MinimumVisualStudioVersion = 10.0.40219.1
Project("{FAE04EC0-301F-11D3-BF4B-00C04F79EFBC}") = "setExercise", "setExercise\setExercise.csproj", "{DB1D21A9-A866-44A7-8166-D7798CEB7141}"
EndProject
Global
	GlobalSection(SolutionConfigurationPlatforms) = preSolution
		Debug|Any CPU = Debug|Any CPU
		Release|Any CPU = Release|Any CPU
	EndGlobalSection
	GlobalSection(ProjectConfigurationPlatforms) = postSolution
		{DB1D21A9-A866-44A7-8166-D7798CEB7141}.Debug|Any CPU.ActiveCfg = Debug|Any CPU
		{DB1D21A9-A866-44A7-8166-D7798CEB7141}.Debug|Any CPU.Build.0 = Debug|Any CPU
		{DB1D21A9-A866-44A7-8166-D7798CEB7141}.Release|Any CPU.ActiveCfg = Release|Any CPU
		{DB1D21A9-A866-44A7-8166-D7798CEB7141}.Release|Any CPU.Build.0 = Release|Any CPU
	EndGlobalSection
	GlobalSection(SolutionProperties) = preSolution
		HideSolutionNode = FALSE
	EndGlobalSection
	GlobalSection(ExtensibilityGlobals) = postSolution
		SolutionGuid = {09C326A9-4B52-4975-AD5C-B029CAC4C321}
	EndGlobalSection
EndGlobal
