
Microsoft Visual Studio Solution File, Format Version 12.00
# Visual Studio Version 17
VisualStudioVersion = 17.8.34330.188
MinimumVisualStudioVersion = 10.0.40219.1
Project("{FAE04EC0-301F-11D3-BF4B-00C04F79EFBC}") = "WorkerEnumerator", "WorkerEnumerator\WorkerEnumerator.csproj", "{47525A84-EF66-41A3-98D2-D7D45D8CE0BA}"
EndProject
Global
	GlobalSection(SolutionConfigurationPlatforms) = preSolution
		Debug|Any CPU = Debug|Any CPU
		Release|Any CPU = Release|Any CPU
	EndGlobalSection
	GlobalSection(ProjectConfigurationPlatforms) = postSolution
		{47525A84-EF66-41A3-98D2-D7D45D8CE0BA}.Debug|Any CPU.ActiveCfg = Debug|Any CPU
		{47525A84-EF66-41A3-98D2-D7D45D8CE0BA}.Debug|Any CPU.Build.0 = Debug|Any CPU
		{47525A84-EF66-41A3-98D2-D7D45D8CE0BA}.Release|Any CPU.ActiveCfg = Release|Any CPU
		{47525A84-EF66-41A3-98D2-D7D45D8CE0BA}.Release|Any CPU.Build.0 = Release|Any CPU
	EndGlobalSection
	GlobalSection(SolutionProperties) = preSolution
		HideSolutionNode = FALSE
	EndGlobalSection
	GlobalSection(ExtensibilityGlobals) = postSolution
		SolutionGuid = {45A40678-1051-4E3E-B527-19156FEB584F}
	EndGlobalSection
EndGlobal
