
Microsoft Visual Studio Solution File, Format Version 12.00
# Visual Studio Version 17
VisualStudioVersion = 17.8.34330.188
MinimumVisualStudioVersion = 10.0.40219.1
Project("{FAE04EC0-301F-11D3-BF4B-00C04F79EFBC}") = "TimespanFunctions", "TimespanFunctions\TimespanFunctions.csproj", "{6344D827-6352-4CAB-9008-21F2476D054E}"
EndProject
Global
	GlobalSection(SolutionConfigurationPlatforms) = preSolution
		Debug|Any CPU = Debug|Any CPU
		Release|Any CPU = Release|Any CPU
	EndGlobalSection
	GlobalSection(ProjectConfigurationPlatforms) = postSolution
		{6344D827-6352-4CAB-9008-21F2476D054E}.Debug|Any CPU.ActiveCfg = Debug|Any CPU
		{6344D827-6352-4CAB-9008-21F2476D054E}.Debug|Any CPU.Build.0 = Debug|Any CPU
		{6344D827-6352-4CAB-9008-21F2476D054E}.Release|Any CPU.ActiveCfg = Release|Any CPU
		{6344D827-6352-4CAB-9008-21F2476D054E}.Release|Any CPU.Build.0 = Release|Any CPU
	EndGlobalSection
	GlobalSection(SolutionProperties) = preSolution
		HideSolutionNode = FALSE
	EndGlobalSection
	GlobalSection(ExtensibilityGlobals) = postSolution
		SolutionGuid = {B7D61F83-0C5B-48DA-B670-190E7830B0E4}
	EndGlobalSection
EndGlobal
