
Microsoft Visual Studio Solution File, Format Version 12.00
# Visual Studio Version 17
VisualStudioVersion = 17.8.34330.188
MinimumVisualStudioVersion = 10.0.40219.1
Project("{FAE04EC0-301F-11D3-BF4B-00C04F79EFBC}") = "Switchcase", "Switchcase\Switchcase.csproj", "{2359C4C2-2CA2-4CAA-8105-2CB0744874A6}"
EndProject
Global
	GlobalSection(SolutionConfigurationPlatforms) = preSolution
		Debug|Any CPU = Debug|Any CPU
		Release|Any CPU = Release|Any CPU
	EndGlobalSection
	GlobalSection(ProjectConfigurationPlatforms) = postSolution
		{2359C4C2-2CA2-4CAA-8105-2CB0744874A6}.Debug|Any CPU.ActiveCfg = Debug|Any CPU
		{2359C4C2-2CA2-4CAA-8105-2CB0744874A6}.Debug|Any CPU.Build.0 = Debug|Any CPU
		{2359C4C2-2CA2-4CAA-8105-2CB0744874A6}.Release|Any CPU.ActiveCfg = Release|Any CPU
		{2359C4C2-2CA2-4CAA-8105-2CB0744874A6}.Release|Any CPU.Build.0 = Release|Any CPU
	EndGlobalSection
	GlobalSection(SolutionProperties) = preSolution
		HideSolutionNode = FALSE
	EndGlobalSection
	GlobalSection(ExtensibilityGlobals) = postSolution
		SolutionGuid = {B4B1EC22-B842-4145-8FE3-9DC71BC57D8E}
	EndGlobalSection
EndGlobal
