
Microsoft Visual Studio Solution File, Format Version 12.00
# Visual Studio Version 17
VisualStudioVersion = 17.8.34330.188
MinimumVisualStudioVersion = 10.0.40219.1
Project("{FAE04EC0-301F-11D3-BF4B-00C04F79EFBC}") = "HelloWorld", "HelloWorld\HelloWorld.csproj", "{204D6CCD-732E-4539-AA08-BBBE2BBA0A12}"
EndProject
Global
	GlobalSection(SolutionConfigurationPlatforms) = preSolution
		Debug|Any CPU = Debug|Any CPU
		Release|Any CPU = Release|Any CPU
	EndGlobalSection
	GlobalSection(ProjectConfigurationPlatforms) = postSolution
		{204D6CCD-732E-4539-AA08-BBBE2BBA0A12}.Debug|Any CPU.ActiveCfg = Debug|Any CPU
		{204D6CCD-732E-4539-AA08-BBBE2BBA0A12}.Debug|Any CPU.Build.0 = Debug|Any CPU
		{204D6CCD-732E-4539-AA08-BBBE2BBA0A12}.Release|Any CPU.ActiveCfg = Release|Any CPU
		{204D6CCD-732E-4539-AA08-BBBE2BBA0A12}.Release|Any CPU.Build.0 = Release|Any CPU
	EndGlobalSection
	GlobalSection(SolutionProperties) = preSolution
		HideSolutionNode = FALSE
	EndGlobalSection
	GlobalSection(ExtensibilityGlobals) = postSolution
		SolutionGuid = {C67E4E42-730A-4A12-8353-44A7D1FD0319}
	EndGlobalSection
EndGlobal
