
Microsoft Visual Studio Solution File, Format Version 12.00
# Visual Studio Version 17
VisualStudioVersion = 17.8.34330.188
MinimumVisualStudioVersion = 10.0.40219.1
Project("{FAE04EC0-301F-11D3-BF4B-00C04F79EFBC}") = "StaticMethods3", "StaticMethods3\StaticMethods3.csproj", "{497345DF-785F-43E4-BED3-3CAD1368E1CC}"
EndProject
Global
	GlobalSection(SolutionConfigurationPlatforms) = preSolution
		Debug|Any CPU = Debug|Any CPU
		Release|Any CPU = Release|Any CPU
	EndGlobalSection
	GlobalSection(ProjectConfigurationPlatforms) = postSolution
		{497345DF-785F-43E4-BED3-3CAD1368E1CC}.Debug|Any CPU.ActiveCfg = Debug|Any CPU
		{497345DF-785F-43E4-BED3-3CAD1368E1CC}.Debug|Any CPU.Build.0 = Debug|Any CPU
		{497345DF-785F-43E4-BED3-3CAD1368E1CC}.Release|Any CPU.ActiveCfg = Release|Any CPU
		{497345DF-785F-43E4-BED3-3CAD1368E1CC}.Release|Any CPU.Build.0 = Release|Any CPU
	EndGlobalSection
	GlobalSection(SolutionProperties) = preSolution
		HideSolutionNode = FALSE
	EndGlobalSection
	GlobalSection(ExtensibilityGlobals) = postSolution
		SolutionGuid = {909AA7AF-2035-496D-96D7-55C5D864B81E}
	EndGlobalSection
EndGlobal
