
Microsoft Visual Studio Solution File, Format Version 12.00
# Visual Studio Version 17
VisualStudioVersion = 17.8.34330.188
MinimumVisualStudioVersion = 10.0.40219.1
Project("{FAE04EC0-301F-11D3-BF4B-00C04F79EFBC}") = "Matrizes1", "Matrizes1\Matrizes1.csproj", "{78E38771-59FD-484B-89FC-38D1410ADD03}"
EndProject
Global
	GlobalSection(SolutionConfigurationPlatforms) = preSolution
		Debug|Any CPU = Debug|Any CPU
		Release|Any CPU = Release|Any CPU
	EndGlobalSection
	GlobalSection(ProjectConfigurationPlatforms) = postSolution
		{78E38771-59FD-484B-89FC-38D1410ADD03}.Debug|Any CPU.ActiveCfg = Debug|Any CPU
		{78E38771-59FD-484B-89FC-38D1410ADD03}.Debug|Any CPU.Build.0 = Debug|Any CPU
		{78E38771-59FD-484B-89FC-38D1410ADD03}.Release|Any CPU.ActiveCfg = Release|Any CPU
		{78E38771-59FD-484B-89FC-38D1410ADD03}.Release|Any CPU.Build.0 = Release|Any CPU
	EndGlobalSection
	GlobalSection(SolutionProperties) = preSolution
		HideSolutionNode = FALSE
	EndGlobalSection
	GlobalSection(ExtensibilityGlobals) = postSolution
		SolutionGuid = {40E63F61-1AD3-47CD-8A5C-9BAC0695A3F6}
	EndGlobalSection
EndGlobal
