
Microsoft Visual Studio Solution File, Format Version 12.00
# Visual Studio Version 17
VisualStudioVersion = 17.8.34330.188
MinimumVisualStudioVersion = 10.0.40219.1
Project("{FAE04EC0-301F-11D3-BF4B-00C04F79EFBC}") = "ExercisesFor", "ExercisesFor\ExercisesFor.csproj", "{B0BEA850-9109-406D-9FE0-9FBF35FC8C61}"
EndProject
Global
	GlobalSection(SolutionConfigurationPlatforms) = preSolution
		Debug|Any CPU = Debug|Any CPU
		Release|Any CPU = Release|Any CPU
	EndGlobalSection
	GlobalSection(ProjectConfigurationPlatforms) = postSolution
		{B0BEA850-9109-406D-9FE0-9FBF35FC8C61}.Debug|Any CPU.ActiveCfg = Debug|Any CPU
		{B0BEA850-9109-406D-9FE0-9FBF35FC8C61}.Debug|Any CPU.Build.0 = Debug|Any CPU
		{B0BEA850-9109-406D-9FE0-9FBF35FC8C61}.Release|Any CPU.ActiveCfg = Release|Any CPU
		{B0BEA850-9109-406D-9FE0-9FBF35FC8C61}.Release|Any CPU.Build.0 = Release|Any CPU
	EndGlobalSection
	GlobalSection(SolutionProperties) = preSolution
		HideSolutionNode = FALSE
	EndGlobalSection
	GlobalSection(ExtensibilityGlobals) = postSolution
		SolutionGuid = {CED0A703-A4BC-4053-9207-E922BF61033C}
	EndGlobalSection
EndGlobal
