
Microsoft Visual Studio Solution File, Format Version 12.00
# Visual Studio Version 17
VisualStudioVersion = 17.8.34330.188
MinimumVisualStudioVersion = 10.0.40219.1
Project("{FAE04EC0-301F-11D3-BF4B-00C04F79EFBC}") = "exercisesConditionals", "exercisesConditionals\exercisesConditionals.csproj", "{2668524A-A59A-4342-AB70-70EE56AA6C9B}"
EndProject
Global
	GlobalSection(SolutionConfigurationPlatforms) = preSolution
		Debug|Any CPU = Debug|Any CPU
		Release|Any CPU = Release|Any CPU
	EndGlobalSection
	GlobalSection(ProjectConfigurationPlatforms) = postSolution
		{2668524A-A59A-4342-AB70-70EE56AA6C9B}.Debug|Any CPU.ActiveCfg = Debug|Any CPU
		{2668524A-A59A-4342-AB70-70EE56AA6C9B}.Debug|Any CPU.Build.0 = Debug|Any CPU
		{2668524A-A59A-4342-AB70-70EE56AA6C9B}.Release|Any CPU.ActiveCfg = Release|Any CPU
		{2668524A-A59A-4342-AB70-70EE56AA6C9B}.Release|Any CPU.Build.0 = Release|Any CPU
	EndGlobalSection
	GlobalSection(SolutionProperties) = preSolution
		HideSolutionNode = FALSE
	EndGlobalSection
	GlobalSection(ExtensibilityGlobals) = postSolution
		SolutionGuid = {FB5D4AF6-A0FB-4224-800D-C7F060487D70}
	EndGlobalSection
EndGlobal
