
Microsoft Visual Studio Solution File, Format Version 12.00
# Visual Studio Version 17
VisualStudioVersion = 17.8.34330.188
MinimumVisualStudioVersion = 10.0.40219.1
Project("{FAE04EC0-301F-11D3-BF4B-00C04F79EFBC}") = "PooAdvancedExercises", "PooAdvancedExercises\PooAdvancedExercises.csproj", "{F3650C46-9B8A-4988-B05F-C561332B4983}"
EndProject
Global
	GlobalSection(SolutionConfigurationPlatforms) = preSolution
		Debug|Any CPU = Debug|Any CPU
		Release|Any CPU = Release|Any CPU
	EndGlobalSection
	GlobalSection(ProjectConfigurationPlatforms) = postSolution
		{F3650C46-9B8A-4988-B05F-C561332B4983}.Debug|Any CPU.ActiveCfg = Debug|Any CPU
		{F3650C46-9B8A-4988-B05F-C561332B4983}.Debug|Any CPU.Build.0 = Debug|Any CPU
		{F3650C46-9B8A-4988-B05F-C561332B4983}.Release|Any CPU.ActiveCfg = Release|Any CPU
		{F3650C46-9B8A-4988-B05F-C561332B4983}.Release|Any CPU.Build.0 = Release|Any CPU
	EndGlobalSection
	GlobalSection(SolutionProperties) = preSolution
		HideSolutionNode = FALSE
	EndGlobalSection
	GlobalSection(ExtensibilityGlobals) = postSolution
		SolutionGuid = {A4252903-B66C-4C9C-B3CC-23799890D23B}
	EndGlobalSection
EndGlobal
