
Microsoft Visual Studio Solution File, Format Version 12.00
# Visual Studio Version 17
VisualStudioVersion = 17.8.34330.188
MinimumVisualStudioVersion = 10.0.40219.1
Project("{FAE04EC0-301F-11D3-BF4B-00C04F79EFBC}") = "Projetos", "Projetos\Projetos.csproj", "{3457B4CB-9ED4-48D1-A867-2581C7F13FA5}"
EndProject
Global
	GlobalSection(SolutionConfigurationPlatforms) = preSolution
		Debug|Any CPU = Debug|Any CPU
		Release|Any CPU = Release|Any CPU
	EndGlobalSection
	GlobalSection(ProjectConfigurationPlatforms) = postSolution
		{3457B4CB-9ED4-48D1-A867-2581C7F13FA5}.Debug|Any CPU.ActiveCfg = Debug|Any CPU
		{3457B4CB-9ED4-48D1-A867-2581C7F13FA5}.Debug|Any CPU.Build.0 = Debug|Any CPU
		{3457B4CB-9ED4-48D1-A867-2581C7F13FA5}.Release|Any CPU.ActiveCfg = Release|Any CPU
		{3457B4CB-9ED4-48D1-A867-2581C7F13FA5}.Release|Any CPU.Build.0 = Release|Any CPU
	EndGlobalSection
	GlobalSection(SolutionProperties) = preSolution
		HideSolutionNode = FALSE
	EndGlobalSection
	GlobalSection(ExtensibilityGlobals) = postSolution
		SolutionGuid = {C1BA3639-8E6E-403B-8F55-BEE540529436}
	EndGlobalSection
EndGlobal
