
Microsoft Visual Studio Solution File, Format Version 12.00
# Visual Studio Version 17
VisualStudioVersion = 17.8.34330.188
MinimumVisualStudioVersion = 10.0.40219.1
Project("{FAE04EC0-301F-11D3-BF4B-00C04F79EFBC}") = "IComparation", "IComparation\IComparation.csproj", "{6B2180AE-C0D5-4156-B6A5-8734714CBA0D}"
EndProject
Global
	GlobalSection(SolutionConfigurationPlatforms) = preSolution
		Debug|Any CPU = Debug|Any CPU
		Release|Any CPU = Release|Any CPU
	EndGlobalSection
	GlobalSection(ProjectConfigurationPlatforms) = postSolution
		{6B2180AE-C0D5-4156-B6A5-8734714CBA0D}.Debug|Any CPU.ActiveCfg = Debug|Any CPU
		{6B2180AE-C0D5-4156-B6A5-8734714CBA0D}.Debug|Any CPU.Build.0 = Debug|Any CPU
		{6B2180AE-C0D5-4156-B6A5-8734714CBA0D}.Release|Any CPU.ActiveCfg = Release|Any CPU
		{6B2180AE-C0D5-4156-B6A5-8734714CBA0D}.Release|Any CPU.Build.0 = Release|Any CPU
	EndGlobalSection
	GlobalSection(SolutionProperties) = preSolution
		HideSolutionNode = FALSE
	EndGlobalSection
	GlobalSection(ExtensibilityGlobals) = postSolution
		SolutionGuid = {4FDEA1F0-93C2-40A6-AA17-20346EBFBF05}
	EndGlobalSection
EndGlobal
