
Microsoft Visual Studio Solution File, Format Version 12.00
# Visual Studio Version 17
VisualStudioVersion = 17.8.34330.188
MinimumVisualStudioVersion = 10.0.40219.1
Project("{FAE04EC0-301F-11D3-BF4B-00C04F79EFBC}") = "DateTime", "DateTime\DateTime.csproj", "{FDB79321-0634-46CF-8209-94EE07F0EFC1}"
EndProject
Global
	GlobalSection(SolutionConfigurationPlatforms) = preSolution
		Debug|Any CPU = Debug|Any CPU
		Release|Any CPU = Release|Any CPU
	EndGlobalSection
	GlobalSection(ProjectConfigurationPlatforms) = postSolution
		{FDB79321-0634-46CF-8209-94EE07F0EFC1}.Debug|Any CPU.ActiveCfg = Debug|Any CPU
		{FDB79321-0634-46CF-8209-94EE07F0EFC1}.Debug|Any CPU.Build.0 = Debug|Any CPU
		{FDB79321-0634-46CF-8209-94EE07F0EFC1}.Release|Any CPU.ActiveCfg = Release|Any CPU
		{FDB79321-0634-46CF-8209-94EE07F0EFC1}.Release|Any CPU.Build.0 = Release|Any CPU
	EndGlobalSection
	GlobalSection(SolutionProperties) = preSolution
		HideSolutionNode = FALSE
	EndGlobalSection
	GlobalSection(ExtensibilityGlobals) = postSolution
		SolutionGuid = {99102653-81B1-4225-89E8-C7539C2A9704}
	EndGlobalSection
EndGlobal
