
Microsoft Visual Studio Solution File, Format Version 12.00
# Visual Studio Version 17
VisualStudioVersion = 17.8.34330.188
MinimumVisualStudioVersion = 10.0.40219.1
Project("{FAE04EC0-301F-11D3-BF4B-00C04F79EFBC}") = "AtribuittionOperator", "AtribuittionOperator\AtribuittionOperator.csproj", "{519E373F-C579-4DF5-A52E-37C1D8627B2F}"
EndProject
Global
	GlobalSection(SolutionConfigurationPlatforms) = preSolution
		Debug|Any CPU = Debug|Any CPU
		Release|Any CPU = Release|Any CPU
	EndGlobalSection
	GlobalSection(ProjectConfigurationPlatforms) = postSolution
		{519E373F-C579-4DF5-A52E-37C1D8627B2F}.Debug|Any CPU.ActiveCfg = Debug|Any CPU
		{519E373F-C579-4DF5-A52E-37C1D8627B2F}.Debug|Any CPU.Build.0 = Debug|Any CPU
		{519E373F-C579-4DF5-A52E-37C1D8627B2F}.Release|Any CPU.ActiveCfg = Release|Any CPU
		{519E373F-C579-4DF5-A52E-37C1D8627B2F}.Release|Any CPU.Build.0 = Release|Any CPU
	EndGlobalSection
	GlobalSection(SolutionProperties) = preSolution
		HideSolutionNode = FALSE
	EndGlobalSection
	GlobalSection(ExtensibilityGlobals) = postSolution
		SolutionGuid = {C8CF9AD8-1151-4615-979F-8D30F7C26B42}
	EndGlobalSection
EndGlobal
