
Microsoft Visual Studio Solution File, Format Version 12.00
# Visual Studio Version 17
VisualStudioVersion = 17.8.34330.188
MinimumVisualStudioVersion = 10.0.40219.1
Project("{FAE04EC0-301F-11D3-BF4B-00C04F79EFBC}") = "Delegates", "Delegates\Delegates.csproj", "{43C77F22-9863-4BDD-BCD6-99E4830562FC}"
EndProject
Global
	GlobalSection(SolutionConfigurationPlatforms) = preSolution
		Debug|Any CPU = Debug|Any CPU
		Release|Any CPU = Release|Any CPU
	EndGlobalSection
	GlobalSection(ProjectConfigurationPlatforms) = postSolution
		{43C77F22-9863-4BDD-BCD6-99E4830562FC}.Debug|Any CPU.ActiveCfg = Debug|Any CPU
		{43C77F22-9863-4BDD-BCD6-99E4830562FC}.Debug|Any CPU.Build.0 = Debug|Any CPU
		{43C77F22-9863-4BDD-BCD6-99E4830562FC}.Release|Any CPU.ActiveCfg = Release|Any CPU
		{43C77F22-9863-4BDD-BCD6-99E4830562FC}.Release|Any CPU.Build.0 = Release|Any CPU
	EndGlobalSection
	GlobalSection(SolutionProperties) = preSolution
		HideSolutionNode = FALSE
	EndGlobalSection
	GlobalSection(ExtensibilityGlobals) = postSolution
		SolutionGuid = {920191CE-2AA4-440E-BFDF-DED25EF8B6AE}
	EndGlobalSection
EndGlobal
