
Microsoft Visual Studio Solution File, Format Version 12.00
# Visual Studio Version 17
VisualStudioVersion = 17.8.34330.188
MinimumVisualStudioVersion = 10.0.40219.1
Project("{FAE04EC0-301F-11D3-BF4B-00C04F79EFBC}") = "Using", "Using\Using.csproj", "{283D11C0-6812-4031-B121-562728CFF349}"
EndProject
Global
	GlobalSection(SolutionConfigurationPlatforms) = preSolution
		Debug|Any CPU = Debug|Any CPU
		Release|Any CPU = Release|Any CPU
	EndGlobalSection
	GlobalSection(ProjectConfigurationPlatforms) = postSolution
		{283D11C0-6812-4031-B121-562728CFF349}.Debug|Any CPU.ActiveCfg = Debug|Any CPU
		{283D11C0-6812-4031-B121-562728CFF349}.Debug|Any CPU.Build.0 = Debug|Any CPU
		{283D11C0-6812-4031-B121-562728CFF349}.Release|Any CPU.ActiveCfg = Release|Any CPU
		{283D11C0-6812-4031-B121-562728CFF349}.Release|Any CPU.Build.0 = Release|Any CPU
	EndGlobalSection
	GlobalSection(SolutionProperties) = preSolution
		HideSolutionNode = FALSE
	EndGlobalSection
	GlobalSection(ExtensibilityGlobals) = postSolution
		SolutionGuid = {3F318719-6C8C-4247-99FF-640EB210C972}
	EndGlobalSection
EndGlobal
