
Microsoft Visual Studio Solution File, Format Version 12.00
# Visual Studio Version 17
VisualStudioVersion = 17.8.34330.188
MinimumVisualStudioVersion = 10.0.40219.1
Project("{FAE04EC0-301F-11D3-BF4B-00C04F79EFBC}") = "Linq", "Linq\Linq.csproj", "{E7536029-D4A2-43FE-9CDA-0B3D42F028F1}"
EndProject
Global
	GlobalSection(SolutionConfigurationPlatforms) = preSolution
		Debug|Any CPU = Debug|Any CPU
		Release|Any CPU = Release|Any CPU
	EndGlobalSection
	GlobalSection(ProjectConfigurationPlatforms) = postSolution
		{E7536029-D4A2-43FE-9CDA-0B3D42F028F1}.Debug|Any CPU.ActiveCfg = Debug|Any CPU
		{E7536029-D4A2-43FE-9CDA-0B3D42F028F1}.Debug|Any CPU.Build.0 = Debug|Any CPU
		{E7536029-D4A2-43FE-9CDA-0B3D42F028F1}.Release|Any CPU.ActiveCfg = Release|Any CPU
		{E7536029-D4A2-43FE-9CDA-0B3D42F028F1}.Release|Any CPU.Build.0 = Release|Any CPU
	EndGlobalSection
	GlobalSection(SolutionProperties) = preSolution
		HideSolutionNode = FALSE
	EndGlobalSection
	GlobalSection(ExtensibilityGlobals) = postSolution
		SolutionGuid = {5830ED91-AC10-45E6-B6CF-AAB3FF3B5660}
	EndGlobalSection
EndGlobal
