
Microsoft Visual Studio Solution File, Format Version 12.00
# Visual Studio Version 17
VisualStudioVersion = 17.8.34330.188
MinimumVisualStudioVersion = 10.0.40219.1
Project("{FAE04EC0-301F-11D3-BF4B-00C04F79EFBC}") = "ContractProcessor", "ContractProcessor\ContractProcessor.csproj", "{C3C44B28-92F7-4693-A26C-26C9C650352A}"
EndProject
Global
	GlobalSection(SolutionConfigurationPlatforms) = preSolution
		Debug|Any CPU = Debug|Any CPU
		Release|Any CPU = Release|Any CPU
	EndGlobalSection
	GlobalSection(ProjectConfigurationPlatforms) = postSolution
		{C3C44B28-92F7-4693-A26C-26C9C650352A}.Debug|Any CPU.ActiveCfg = Debug|Any CPU
		{C3C44B28-92F7-4693-A26C-26C9C650352A}.Debug|Any CPU.Build.0 = Debug|Any CPU
		{C3C44B28-92F7-4693-A26C-26C9C650352A}.Release|Any CPU.ActiveCfg = Release|Any CPU
		{C3C44B28-92F7-4693-A26C-26C9C650352A}.Release|Any CPU.Build.0 = Release|Any CPU
	EndGlobalSection
	GlobalSection(SolutionProperties) = preSolution
		HideSolutionNode = FALSE
	EndGlobalSection
	GlobalSection(ExtensibilityGlobals) = postSolution
		SolutionGuid = {9F989D80-45BC-45CE-ABE0-8D2275D6EBC9}
	EndGlobalSection
EndGlobal
