
Microsoft Visual Studio Solution File, Format Version 12.00
# Visual Studio Version 17
VisualStudioVersion = 17.8.34330.188
MinimumVisualStudioVersion = 10.0.40219.1
Project("{FAE04EC0-301F-11D3-BF4B-00C04F79EFBC}") = "EqualsAndHashCode", "EqualsAndHashCode\EqualsAndHashCode.csproj", "{DD41837B-C7F5-4C20-86CE-910197839B10}"
EndProject
Global
	GlobalSection(SolutionConfigurationPlatforms) = preSolution
		Debug|Any CPU = Debug|Any CPU
		Release|Any CPU = Release|Any CPU
	EndGlobalSection
	GlobalSection(ProjectConfigurationPlatforms) = postSolution
		{DD41837B-C7F5-4C20-86CE-910197839B10}.Debug|Any CPU.ActiveCfg = Debug|Any CPU
		{DD41837B-C7F5-4C20-86CE-910197839B10}.Debug|Any CPU.Build.0 = Debug|Any CPU
		{DD41837B-C7F5-4C20-86CE-910197839B10}.Release|Any CPU.ActiveCfg = Release|Any CPU
		{DD41837B-C7F5-4C20-86CE-910197839B10}.Release|Any CPU.Build.0 = Release|Any CPU
	EndGlobalSection
	GlobalSection(SolutionProperties) = preSolution
		HideSolutionNode = FALSE
	EndGlobalSection
	GlobalSection(ExtensibilityGlobals) = postSolution
		SolutionGuid = {C80EEF2F-2436-4687-933E-56D7E1ED4568}
	EndGlobalSection
EndGlobal
