
Microsoft Visual Studio Solution File, Format Version 12.00
# Visual Studio Version 17
VisualStudioVersion = 17.8.34330.188
MinimumVisualStudioVersion = 10.0.40219.1
Project("{FAE04EC0-301F-11D3-BF4B-00C04F79EFBC}") = "Matrizexercise2", "Matrizexercise2\Matrizexercise2.csproj", "{1F51FFA9-7037-493F-9A06-BBBBFB0B6481}"
EndProject
Global
	GlobalSection(SolutionConfigurationPlatforms) = preSolution
		Debug|Any CPU = Debug|Any CPU
		Release|Any CPU = Release|Any CPU
	EndGlobalSection
	GlobalSection(ProjectConfigurationPlatforms) = postSolution
		{1F51FFA9-7037-493F-9A06-BBBBFB0B6481}.Debug|Any CPU.ActiveCfg = Debug|Any CPU
		{1F51FFA9-7037-493F-9A06-BBBBFB0B6481}.Debug|Any CPU.Build.0 = Debug|Any CPU
		{1F51FFA9-7037-493F-9A06-BBBBFB0B6481}.Release|Any CPU.ActiveCfg = Release|Any CPU
		{1F51FFA9-7037-493F-9A06-BBBBFB0B6481}.Release|Any CPU.Build.0 = Release|Any CPU
	EndGlobalSection
	GlobalSection(SolutionProperties) = preSolution
		HideSolutionNode = FALSE
	EndGlobalSection
	GlobalSection(ExtensibilityGlobals) = postSolution
		SolutionGuid = {1E9D78E6-F192-46AD-AFFA-8D1EDAA9F0E4}
	EndGlobalSection
EndGlobal
