
Microsoft Visual Studio Solution File, Format Version 12.00
# Visual Studio Version 17
VisualStudioVersion = 17.8.34330.188
MinimumVisualStudioVersion = 10.0.40219.1
Project("{FAE04EC0-301F-11D3-BF4B-00C04F79EFBC}") = "TryCatch", "TryCatch\TryCatch.csproj", "{EC152D2E-FB48-4D18-B177-6F313176AB8F}"
EndProject
Global
	GlobalSection(SolutionConfigurationPlatforms) = preSolution
		Debug|Any CPU = Debug|Any CPU
		Release|Any CPU = Release|Any CPU
	EndGlobalSection
	GlobalSection(ProjectConfigurationPlatforms) = postSolution
		{EC152D2E-FB48-4D18-B177-6F313176AB8F}.Debug|Any CPU.ActiveCfg = Debug|Any CPU
		{EC152D2E-FB48-4D18-B177-6F313176AB8F}.Debug|Any CPU.Build.0 = Debug|Any CPU
		{EC152D2E-FB48-4D18-B177-6F313176AB8F}.Release|Any CPU.ActiveCfg = Release|Any CPU
		{EC152D2E-FB48-4D18-B177-6F313176AB8F}.Release|Any CPU.Build.0 = Release|Any CPU
	EndGlobalSection
	GlobalSection(SolutionProperties) = preSolution
		HideSolutionNode = FALSE
	EndGlobalSection
	GlobalSection(ExtensibilityGlobals) = postSolution
		SolutionGuid = {D42F0D42-C49E-4002-BC72-8B8E7F8F5E64}
	EndGlobalSection
EndGlobal
